
Microsoft Visual Studio Solution File, Format Version 12.00
# Visual Studio Version 17
VisualStudioVersion = 17.0.31903.59
MinimumVisualStudioVersion = 10.0.40219.1
Project("{FAE04EC0-301F-11D3-BF4B-00C04F79EFBC}") = "DailyTasksTgBot", "SearchMusicBot\DailyTasksTgBot.csproj", "{8B80C17A-FF4D-4851-A13D-A94B0DC8E464}"
EndProject
Global
	GlobalSection(SolutionConfigurationPlatforms) = preSolution
		Debug|Any CPU = Debug|Any CPU
		Release|Any CPU = Release|Any CPU
	EndGlobalSection
	GlobalSection(ProjectConfigurationPlatforms) = postSolution
		{8B80C17A-FF4D-4851-A13D-A94B0DC8E464}.Debug|Any CPU.ActiveCfg = Debug|Any CPU
		{8B80C17A-FF4D-4851-A13D-A94B0DC8E464}.Debug|Any CPU.Build.0 = Debug|Any CPU
		{8B80C17A-FF4D-4851-A13D-A94B0DC8E464}.Release|Any CPU.ActiveCfg = Release|Any CPU
		{8B80C17A-FF4D-4851-A13D-A94B0DC8E464}.Release|Any CPU.Build.0 = Release|Any CPU
	EndGlobalSection
	GlobalSection(SolutionProperties) = preSolution
		HideSolutionNode = FALSE
	EndGlobalSection
	GlobalSection(ExtensibilityGlobals) = postSolution
		SolutionGuid = {19182CA6-D71E-4148-9321-E0C9627360B4}
	EndGlobalSection
EndGlobal
